{
    "version": "0.5",
    "requires": [
        "zlib/1.3.2#1cb806da49011867778ffb6ac7190fcb%1777558780.503",
        "spdlog/1.15.3#855569172102c04e3e0db21ae95cf017%1767604739.328",
        "openssl/3.3.2#90b3fc29e196eb631636c25d3516cd93%1741868603.502",
        "nlohmann_json/3.12.0#2d634ab0ec8d9f56353e5ccef6d6612c%1744735883.94",
        "libbacktrace/cci.20210118#a7691bfccd8caaf66309df196790a5a1%1722218217.276",
        "hiredis/1.2.0#a9ec78dc570138db9159da885150781d%1744279487.701",
        "gtest/1.15.0#9eba70e54373fb7325151ad3375934a1%1743410805.366",
        "fmt/11.2.0#579bb2cdf4a7607621beea4eb4651e0f%1746298708.362",
        "bzip2/1.0.8#c470882369c2d95c5c77e970c0c7e321%1762886692.465",
        "boost/1.86.0#aa6d9ddaf19c636a44f44be7ce4165f2%1778051002.793"
    ],
    "build_requires": [
        "b2/5.4.2#ffd6084a119587e70f11cd45d1a386e2%1766594659.866"
    ],
    "python_requires": [],
    "config_requires": []
}